
Microsoft Visual Studio Solution File, Format Version 12.00
# Visual Studio Version 16
VisualStudioVersion = 16.0.31129.286
MinimumVisualStudioVersion = 10.0.40219.1
Project("{FAE04EC0-301F-11D3-BF4B-00C04F79EFBC}") = "ConsoleApp5", "ConsoleApp5.csproj", "{A6BBA811-41DC-4BEE-BC4E-585D45B27C5C}"
EndProject
Global
	GlobalSection(SolutionConfigurationPlatforms) = preSolution
		Debug|Any CPU = Debug|Any CPU
		Release|Any CPU = Release|Any CPU
	EndGlobalSection
	GlobalSection(ProjectConfigurationPlatforms) = postSolution
		{A6BBA811-41DC-4BEE-BC4E-585D45B27C5C}.Debug|Any CPU.ActiveCfg = Debug|Any CPU
		{A6BBA811-41DC-4BEE-BC4E-585D45B27C5C}.Debug|Any CPU.Build.0 = Debug|Any CPU
		{A6BBA811-41DC-4BEE-BC4E-585D45B27C5C}.Release|Any CPU.ActiveCfg = Release|Any CPU
		{A6BBA811-41DC-4BEE-BC4E-585D45B27C5C}.Release|Any CPU.Build.0 = Release|Any CPU
	EndGlobalSection
	GlobalSection(SolutionProperties) = preSolution
		HideSolutionNode = FALSE
	EndGlobalSection
	GlobalSection(ExtensibilityGlobals) = postSolution
		SolutionGuid = {B91067FB-66E3-4872-9B70-AC3ED8C9C29B}
	EndGlobalSection
EndGlobal
